
Microsoft Visual Studio Solution File, Format Version 12.00
# Visual Studio Version 17
VisualStudioVersion = 17.11.35312.102
MinimumVisualStudioVersion = 10.0.40219.1
Project("{FAE04EC0-301F-11D3-BF4B-00C04F79EFBC}") = "Compiscao", "Compiscao.csproj", "{5012B3C6-A40A-4E55-8C1D-FE3BAC14A29C}"
EndProject
Global
	GlobalSection(SolutionConfigurationPlatforms) = preSolution
		Debug|Any CPU = Debug|Any CPU
		Release|Any CPU = Release|Any CPU
	EndGlobalSection
	GlobalSection(ProjectConfigurationPlatforms) = postSolution
		{5012B3C6-A40A-4E55-8C1D-FE3BAC14A29C}.Debug|Any CPU.ActiveCfg = Debug|Any CPU
		{5012B3C6-A40A-4E55-8C1D-FE3BAC14A29C}.Debug|Any CPU.Build.0 = Debug|Any CPU
		{5012B3C6-A40A-4E55-8C1D-FE3BAC14A29C}.Release|Any CPU.ActiveCfg = Release|Any CPU
		{5012B3C6-A40A-4E55-8C1D-FE3BAC14A29C}.Release|Any CPU.Build.0 = Release|Any CPU
	EndGlobalSection
	GlobalSection(SolutionProperties) = preSolution
		HideSolutionNode = FALSE
	EndGlobalSection
	GlobalSection(ExtensibilityGlobals) = postSolution
		SolutionGuid = {D7E1C555-F8FF-4975-91AD-F8ABE284CE42}
	EndGlobalSection
EndGlobal
